// !$*UTF8*$!
{
	archiveVersion = 1;
	classes = {
	};
	objectVersion = 60;
	objects = {

/* Begin PBXBuildFile section */
		EE3073148CA35476AF2E8691 /* AppState.swift in Sources */ = {isa = PBXBuildFile; fileRef = F677395F443251E9BB426A5B /* AppState.swift */; };
		502D052B30E35F4B8CDC8FCF /* RootView.swift in Sources */ = {isa = PBXBuildFile; fileRef = 2B67940FD2C157DEB058CC29 /* RootView.swift */; };
		CF91ED16A8855098A782DE73 /* VaalbaraTheme.swift in Sources */ = {isa = PBXBuildFile; fileRef = 710B1EFF67B054AF8331522B /* VaalbaraTheme.swift */; };
		40394EA78235586B85F50A30 /* BattleView.swift in Sources */ = {isa = PBXBuildFile; fileRef = 7A4120E37DCD53EDBEA39582 /* BattleView.swift */; };
		794D7681B5CA5EBCB3FB95E9 /* BootView.swift in Sources */ = {isa = PBXBuildFile; fileRef = A7F58DE114525C078006663A /* BootView.swift */; };
		3E1A4ECA406C58588E1AEBCA /* CinematicView.swift in Sources */ = {isa = PBXBuildFile; fileRef = FFC78A38B8CD525D9BAA0327 /* CinematicView.swift */; };
		E130DB13AF14555F9AC848FA /* DuelSetupView.swift in Sources */ = {isa = PBXBuildFile; fileRef = B4288ADCE90F5F7A8862C017 /* DuelSetupView.swift */; };
		D79776310BAE5134A1DC3CED /* DuelView.swift in Sources */ = {isa = PBXBuildFile; fileRef = 0B677C11A6FD56B29C4D6318 /* DuelView.swift */; };
		09DA0BE143D455B7BDCF05AA /* FactionSelectView.swift in Sources */ = {isa = PBXBuildFile; fileRef = 27684F560F98542F9099A260 /* FactionSelectView.swift */; };
		F5FC9EB05AE05EB088B378EE /* MatchmakingView.swift in Sources */ = {isa = PBXBuildFile; fileRef = E740FBFA74AC59369C89F78F /* MatchmakingView.swift */; };
		47F2C671A61D5BA38E7E8C85 /* MenuView.swift in Sources */ = {isa = PBXBuildFile; fileRef = FD1336AC5C7951F3B8980CEC /* MenuView.swift */; };
		8A8F20CD974C5C24957C1F41 /* ResultsView.swift in Sources */ = {isa = PBXBuildFile; fileRef = 9AC7AD41496D50EEA4D72EAC /* ResultsView.swift */; };
		FDB6A945190150569BA45327 /* BattleCanvasView.swift in Sources */ = {isa = PBXBuildFile; fileRef = 3E250170787E56F38331778C /* BattleCanvasView.swift */; };
		8C93A301B9445677A40533EF /* WebGameView.swift in Sources */ = {isa = PBXBuildFile; fileRef = 63B8EFB26DEB5A46BBD4C7FE /* WebGameView.swift */; };
		42F6A5FD67DA56A1AA7C997A /* HapticsService.swift in Sources */ = {isa = PBXBuildFile; fileRef = 531A048B8E8B5B5D93ABF071 /* HapticsService.swift */; };
		3E0F5A81E18B5188B2CF5F5F /* ProfileStore.swift in Sources */ = {isa = PBXBuildFile; fileRef = 89E2600C88825985A52A83D2 /* ProfileStore.swift */; };
		342FDF3AA9765FD18BF03416 /* VaalbaraApp.swift in Sources */ = {isa = PBXBuildFile; fileRef = 3A2428AF2E025611911D389F /* VaalbaraApp.swift */; };
		C3EC2B752EE254499057A134 /* Assets.xcassets in Resources */ = {isa = PBXBuildFile; fileRef = 899A14F655C85BCD939FC765 /* Assets.xcassets */; };
		F1F333D4D50F5E9D9AD441A7 /* WebApp in Resources */ = {isa = PBXBuildFile; fileRef = F26889AEEC22545694922583 /* WebApp */; };
		72DBE6AD42B655A8A412CDDC /* PrivacyInfo.xcprivacy in Resources */ = {isa = PBXBuildFile; fileRef = 2A6BBA3A665D53FE9D665256 /* PrivacyInfo.xcprivacy */; };
		82523982E1A857C189E0C592 /* Art in Resources */ = {isa = PBXBuildFile; fileRef = F58E557C0B195FCB96F61E10 /* Art */; };
		B9D1E585CE6C58A4A918EB46 /* VaalbaraCore in Frameworks */ = {isa = PBXBuildFile; productRef = 0E32DFD4DA8057559B37AE77 /* VaalbaraCore */; };
		7CCCBAF5F47959B7ABA11D7B /* VaalbaraEngine in Frameworks */ = {isa = PBXBuildFile; productRef = 871561FCD97B59C78291B5AA /* VaalbaraEngine */; };
		CC9823EFF9535629A964E664 /* VaalbaraAudio in Frameworks */ = {isa = PBXBuildFile; productRef = 452C065BC7F35F539162E8DC /* VaalbaraAudio */; };
		57B0714CE6D05CC19EBE512E /* VaalbaraNetworking in Frameworks */ = {isa = PBXBuildFile; productRef = 5973115740BF551CA3992B83 /* VaalbaraNetworking */; };
/* End PBXBuildFile section */

/* Begin PBXFileReference section */
		509CA9BD969A54C68693FA15 /* Vaalbara.app */ = {isa = PBXFileReference; explicitFileType = wrapper.application; includeInIndex = 0; path = Vaalbara.app; sourceTree = BUILT_PRODUCTS_DIR; };
		F677395F443251E9BB426A5B /* AppState.swift */ = {isa = PBXFileReference; lastKnownFileType = sourcecode.swift; path = "Vaalbara/App/AppState.swift"; sourceTree = SOURCE_ROOT; };
		2B67940FD2C157DEB058CC29 /* RootView.swift */ = {isa = PBXFileReference; lastKnownFileType = sourcecode.swift; path = "Vaalbara/App/RootView.swift"; sourceTree = SOURCE_ROOT; };
		710B1EFF67B054AF8331522B /* VaalbaraTheme.swift */ = {isa = PBXFileReference; lastKnownFileType = sourcecode.swift; path = "Vaalbara/App/VaalbaraTheme.swift"; sourceTree = SOURCE_ROOT; };
		7A4120E37DCD53EDBEA39582 /* BattleView.swift */ = {isa = PBXFileReference; lastKnownFileType = sourcecode.swift; path = "Vaalbara/Features/Battle/BattleView.swift"; sourceTree = SOURCE_ROOT; };
		A7F58DE114525C078006663A /* BootView.swift */ = {isa = PBXFileReference; lastKnownFileType = sourcecode.swift; path = "Vaalbara/Features/Boot/BootView.swift"; sourceTree = SOURCE_ROOT; };
		FFC78A38B8CD525D9BAA0327 /* CinematicView.swift */ = {isa = PBXFileReference; lastKnownFileType = sourcecode.swift; path = "Vaalbara/Features/Cinematic/CinematicView.swift"; sourceTree = SOURCE_ROOT; };
		B4288ADCE90F5F7A8862C017 /* DuelSetupView.swift */ = {isa = PBXFileReference; lastKnownFileType = sourcecode.swift; path = "Vaalbara/Features/Duel/DuelSetupView.swift"; sourceTree = SOURCE_ROOT; };
		0B677C11A6FD56B29C4D6318 /* DuelView.swift */ = {isa = PBXFileReference; lastKnownFileType = sourcecode.swift; path = "Vaalbara/Features/Duel/DuelView.swift"; sourceTree = SOURCE_ROOT; };
		27684F560F98542F9099A260 /* FactionSelectView.swift */ = {isa = PBXFileReference; lastKnownFileType = sourcecode.swift; path = "Vaalbara/Features/Faction/FactionSelectView.swift"; sourceTree = SOURCE_ROOT; };
		E740FBFA74AC59369C89F78F /* MatchmakingView.swift */ = {isa = PBXFileReference; lastKnownFileType = sourcecode.swift; path = "Vaalbara/Features/Matchmaking/MatchmakingView.swift"; sourceTree = SOURCE_ROOT; };
		FD1336AC5C7951F3B8980CEC /* MenuView.swift */ = {isa = PBXFileReference; lastKnownFileType = sourcecode.swift; path = "Vaalbara/Features/Menu/MenuView.swift"; sourceTree = SOURCE_ROOT; };
		9AC7AD41496D50EEA4D72EAC /* ResultsView.swift */ = {isa = PBXFileReference; lastKnownFileType = sourcecode.swift; path = "Vaalbara/Features/Results/ResultsView.swift"; sourceTree = SOURCE_ROOT; };
		3E250170787E56F38331778C /* BattleCanvasView.swift */ = {isa = PBXFileReference; lastKnownFileType = sourcecode.swift; path = "Vaalbara/Rendering/BattleCanvasView.swift"; sourceTree = SOURCE_ROOT; };
		63B8EFB26DEB5A46BBD4C7FE /* WebGameView.swift */ = {isa = PBXFileReference; lastKnownFileType = sourcecode.swift; path = "Vaalbara/Rendering/WebGameView.swift"; sourceTree = SOURCE_ROOT; };
		531A048B8E8B5B5D93ABF071 /* HapticsService.swift */ = {isa = PBXFileReference; lastKnownFileType = sourcecode.swift; path = "Vaalbara/Services/HapticsService.swift"; sourceTree = SOURCE_ROOT; };
		89E2600C88825985A52A83D2 /* ProfileStore.swift */ = {isa = PBXFileReference; lastKnownFileType = sourcecode.swift; path = "Vaalbara/Services/ProfileStore.swift"; sourceTree = SOURCE_ROOT; };
		3A2428AF2E025611911D389F /* VaalbaraApp.swift */ = {isa = PBXFileReference; lastKnownFileType = sourcecode.swift; path = "Vaalbara/VaalbaraApp.swift"; sourceTree = SOURCE_ROOT; };
		899A14F655C85BCD939FC765 /* Assets.xcassets */ = {isa = PBXFileReference; lastKnownFileType = folder.assetcatalog; path = "Vaalbara/Assets.xcassets"; sourceTree = SOURCE_ROOT; };
		F26889AEEC22545694922583 /* WebApp */ = {isa = PBXFileReference; lastKnownFileType = folder; path = "Vaalbara/Resources/WebApp"; sourceTree = SOURCE_ROOT; };
		2A6BBA3A665D53FE9D665256 /* PrivacyInfo.xcprivacy */ = {isa = PBXFileReference; lastKnownFileType = text.xml; path = "Vaalbara/PrivacyInfo.xcprivacy"; sourceTree = SOURCE_ROOT; };
		F58E557C0B195FCB96F61E10 /* Art */ = {isa = PBXFileReference; lastKnownFileType = folder; path = "Vaalbara/Resources/Art"; sourceTree = SOURCE_ROOT; };
		3ABAE6093A3554009464870B /* Info.plist */ = {isa = PBXFileReference; lastKnownFileType = text.plist.xml; path = Vaalbara/Info.plist; sourceTree = SOURCE_ROOT; };
		CEA4F9437B7A580F9B25E541 /* Vaalbara.entitlements */ = {isa = PBXFileReference; lastKnownFileType = text.plist.entitlements; path = Vaalbara/Vaalbara.entitlements; sourceTree = SOURCE_ROOT; };
/* End PBXFileReference section */

/* Begin PBXFrameworksBuildPhase section */
		A6FC395EE1D75BDF9B91E132 /* Frameworks */ = {
			isa = PBXFrameworksBuildPhase;
			buildActionMask = 2147483647;
			files = (
				B9D1E585CE6C58A4A918EB46 /* VaalbaraCore in Frameworks */,
				7CCCBAF5F47959B7ABA11D7B /* VaalbaraEngine in Frameworks */,
				CC9823EFF9535629A964E664 /* VaalbaraAudio in Frameworks */,
				57B0714CE6D05CC19EBE512E /* VaalbaraNetworking in Frameworks */,
			);
			runOnlyForDeploymentPostprocessing = 0;
		};
/* End PBXFrameworksBuildPhase section */

/* Begin PBXGroup section */
		C61387843CD0598BBC82CCE9 = {
			isa = PBXGroup;
			children = (
				548E23E6586B530AB7EC0677 /* Vaalbara */,
				6A2310287A5D5199B83353EE /* Products */,
			);
			sourceTree = "<group>";
		};
		6A2310287A5D5199B83353EE /* Products */ = {
			isa = PBXGroup;
			children = (
				509CA9BD969A54C68693FA15 /* Vaalbara.app */,
			);
			name = Products;
			sourceTree = "<group>";
		};
		548E23E6586B530AB7EC0677 /* Vaalbara */ = {
			isa = PBXGroup;
			children = (
				F677395F443251E9BB426A5B /* AppState.swift */,
				2B67940FD2C157DEB058CC29 /* RootView.swift */,
				710B1EFF67B054AF8331522B /* VaalbaraTheme.swift */,
				7A4120E37DCD53EDBEA39582 /* BattleView.swift */,
				A7F58DE114525C078006663A /* BootView.swift */,
				FFC78A38B8CD525D9BAA0327 /* CinematicView.swift */,
				B4288ADCE90F5F7A8862C017 /* DuelSetupView.swift */,
				0B677C11A6FD56B29C4D6318 /* DuelView.swift */,
				27684F560F98542F9099A260 /* FactionSelectView.swift */,
				E740FBFA74AC59369C89F78F /* MatchmakingView.swift */,
				FD1336AC5C7951F3B8980CEC /* MenuView.swift */,
				9AC7AD41496D50EEA4D72EAC /* ResultsView.swift */,
				3E250170787E56F38331778C /* BattleCanvasView.swift */,
				63B8EFB26DEB5A46BBD4C7FE /* WebGameView.swift */,
				531A048B8E8B5B5D93ABF071 /* HapticsService.swift */,
				89E2600C88825985A52A83D2 /* ProfileStore.swift */,
				3A2428AF2E025611911D389F /* VaalbaraApp.swift */,
				899A14F655C85BCD939FC765 /* Assets.xcassets */,
				F26889AEEC22545694922583 /* WebApp */,
				2A6BBA3A665D53FE9D665256 /* PrivacyInfo.xcprivacy */,
				F58E557C0B195FCB96F61E10 /* Art */,
				3ABAE6093A3554009464870B /* Info.plist */,
				CEA4F9437B7A580F9B25E541 /* Vaalbara.entitlements */,
			);
			path = Vaalbara;
			sourceTree = "<group>";
		};
/* End PBXGroup section */

/* Begin PBXNativeTarget section */
		1D2082ED5F0B556FA34CF001 /* Vaalbara */ = {
			isa = PBXNativeTarget;
			buildConfigurationList = 2FE4238AFC17522DBB3B7947 /* Build configuration list for PBXNativeTarget "Vaalbara" */;
			buildPhases = (
				77F50DE8E3EA58F2A0BBA4FF /* Sources */,
				A6FC395EE1D75BDF9B91E132 /* Frameworks */,
				0248064B14E75BB7AD1328BF /* Resources */,
			);
			buildRules = (
			);
			dependencies = (
			);
			name = Vaalbara;
			packageProductDependencies = (
				0E32DFD4DA8057559B37AE77 /* VaalbaraCore */,
				871561FCD97B59C78291B5AA /* VaalbaraEngine */,
				452C065BC7F35F539162E8DC /* VaalbaraAudio */,
				5973115740BF551CA3992B83 /* VaalbaraNetworking */,
			);
			productName = Vaalbara;
			productReference = 509CA9BD969A54C68693FA15 /* Vaalbara.app */;
			productType = "com.apple.product-type.application";
		};
/* End PBXNativeTarget section */

/* Begin PBXProject section */
		5F565B1EE1005F0D9BE2297D /* Project object */ = {
			isa = PBXProject;
			attributes = {
				BuildIndependentTargetsInParallel = 1;
				LastSwiftUpdateCheck = 1600;
				LastUpgradeCheck = 1600;
				TargetAttributes = {
					1D2082ED5F0B556FA34CF001 = {
						CreatedOnToolsVersion = 16.0;
					};
				};
			};
			buildConfigurationList = BA39F7D7BBF852FB9348B708 /* Build configuration list for PBXProject "Vaalbara" */;
			compatibilityVersion = "Xcode 14.0";
			developmentRegion = en;
			hasScannedForEncodings = 0;
			knownRegions = (
				en,
				Base,
			);
			mainGroup = C61387843CD0598BBC82CCE9;
			packageReferences = (
				10F6A4F3216158D1ACE1C883 /* XCLocalSwiftPackageReference "VaalbaraCore" */,
				6ED730BF0D3D5D1BA4AFE36F /* XCLocalSwiftPackageReference "VaalbaraEngine" */,
				A435F402ECA652FBB2111E3A /* XCLocalSwiftPackageReference "VaalbaraAudio" */,
				699B41E9B835578AA0DACF56 /* XCLocalSwiftPackageReference "VaalbaraNetworking" */,
			);
			productRefGroup = 6A2310287A5D5199B83353EE /* Products */;
			projectDirPath = "";
			projectRoot = "";
			targets = (
				1D2082ED5F0B556FA34CF001 /* Vaalbara */,
			);
		};
/* End PBXProject section */

/* Begin PBXResourcesBuildPhase section */
		0248064B14E75BB7AD1328BF /* Resources */ = {
			isa = PBXResourcesBuildPhase;
			buildActionMask = 2147483647;
			files = (
				C3EC2B752EE254499057A134 /* Assets.xcassets in Resources */,
				F1F333D4D50F5E9D9AD441A7 /* WebApp in Resources */,
				72DBE6AD42B655A8A412CDDC /* PrivacyInfo.xcprivacy in Resources */,
				82523982E1A857C189E0C592 /* Art in Resources */,
			);
			runOnlyForDeploymentPostprocessing = 0;
		};
/* End PBXResourcesBuildPhase section */

/* Begin PBXSourcesBuildPhase section */
		77F50DE8E3EA58F2A0BBA4FF /* Sources */ = {
			isa = PBXSourcesBuildPhase;
			buildActionMask = 2147483647;
			files = (
				EE3073148CA35476AF2E8691 /* AppState.swift in Sources */,
				502D052B30E35F4B8CDC8FCF /* RootView.swift in Sources */,
				CF91ED16A8855098A782DE73 /* VaalbaraTheme.swift in Sources */,
				40394EA78235586B85F50A30 /* BattleView.swift in Sources */,
				794D7681B5CA5EBCB3FB95E9 /* BootView.swift in Sources */,
				3E1A4ECA406C58588E1AEBCA /* CinematicView.swift in Sources */,
				E130DB13AF14555F9AC848FA /* DuelSetupView.swift in Sources */,
				D79776310BAE5134A1DC3CED /* DuelView.swift in Sources */,
				09DA0BE143D455B7BDCF05AA /* FactionSelectView.swift in Sources */,
				F5FC9EB05AE05EB088B378EE /* MatchmakingView.swift in Sources */,
				47F2C671A61D5BA38E7E8C85 /* MenuView.swift in Sources */,
				8A8F20CD974C5C24957C1F41 /* ResultsView.swift in Sources */,
				FDB6A945190150569BA45327 /* BattleCanvasView.swift in Sources */,
				8C93A301B9445677A40533EF /* WebGameView.swift in Sources */,
				42F6A5FD67DA56A1AA7C997A /* HapticsService.swift in Sources */,
				3E0F5A81E18B5188B2CF5F5F /* ProfileStore.swift in Sources */,
				342FDF3AA9765FD18BF03416 /* VaalbaraApp.swift in Sources */,
			);
			runOnlyForDeploymentPostprocessing = 0;
		};
/* End PBXSourcesBuildPhase section */

/* Begin XCBuildConfiguration section */
		404596B6DE60566897233C9F /* Debug */ = {
			isa = XCBuildConfiguration;
			buildSettings = {
				ALWAYS_SEARCH_USER_PATHS = NO;
				CLANG_ENABLE_MODULES = YES;
				COPY_PHASE_STRIP = NO;
				DEBUG_INFORMATION_FORMAT = dwarf;
				ENABLE_TESTABILITY = YES;
				GCC_DYNAMIC_NO_PIC = NO;
				GCC_OPTIMIZATION_LEVEL = 0;
				IPHONEOS_DEPLOYMENT_TARGET = 17.0;
				ONLY_ACTIVE_ARCH = YES;
				SDKROOT = iphoneos;
				SWIFT_ACTIVE_COMPILATION_CONDITIONS = DEBUG;
				SWIFT_OPTIMIZATION_LEVEL = "-Onone";
				SWIFT_VERSION = 5.9;
			};
			name = Debug;
		};
		3DE98795B02954CDB4F4BB3E /* Release */ = {
			isa = XCBuildConfiguration;
			buildSettings = {
				ALWAYS_SEARCH_USER_PATHS = NO;
				CLANG_ENABLE_MODULES = YES;
				COPY_PHASE_STRIP = NO;
				DEBUG_INFORMATION_FORMAT = "dwarf-with-dsym";
				IPHONEOS_DEPLOYMENT_TARGET = 17.0;
				SDKROOT = iphoneos;
				SWIFT_COMPILATION_MODE = wholemodule;
				SWIFT_VERSION = 5.9;
				VALIDATE_PRODUCT = YES;
			};
			name = Release;
		};
		3CAA5FD080EC56ACBB81F769 /* Debug */ = {
			isa = XCBuildConfiguration;
			buildSettings = {
				ASSETCATALOG_COMPILER_APPICON_NAME = AppIcon;
				CODE_SIGN_ENTITLEMENTS = Vaalbara/Vaalbara.entitlements;
				CODE_SIGN_STYLE = Automatic;
				CURRENT_PROJECT_VERSION = 1;
				DEVELOPMENT_TEAM = "";
				ENABLE_PREVIEWS = NO;
				GENERATE_INFOPLIST_FILE = NO;
				INFOPLIST_FILE = Vaalbara/Info.plist;
				LD_RUNPATH_SEARCH_PATHS = (
					"$(inherited)",
					"@executable_path/Frameworks",
				);
				MARKETING_VERSION = 1.2.0;
				PRODUCT_BUNDLE_IDENTIFIER = com.vaalbara.thelastoasis;
				PRODUCT_NAME = "$(TARGET_NAME)";
				SWIFT_EMIT_LOC_STRINGS = YES;
				TARGETED_DEVICE_FAMILY = "1,2";
			};
			name = Debug;
		};
		3BA15AA875035DC094469CA6 /* Release */ = {
			isa = XCBuildConfiguration;
			buildSettings = {
				ASSETCATALOG_COMPILER_APPICON_NAME = AppIcon;
				CODE_SIGN_ENTITLEMENTS = Vaalbara/Vaalbara.entitlements;
				CODE_SIGN_STYLE = Automatic;
				CURRENT_PROJECT_VERSION = 1;
				DEVELOPMENT_TEAM = "";
				ENABLE_PREVIEWS = NO;
				GENERATE_INFOPLIST_FILE = NO;
				INFOPLIST_FILE = Vaalbara/Info.plist;
				LD_RUNPATH_SEARCH_PATHS = (
					"$(inherited)",
					"@executable_path/Frameworks",
				);
				MARKETING_VERSION = 1.2.0;
				PRODUCT_BUNDLE_IDENTIFIER = com.vaalbara.thelastoasis;
				PRODUCT_NAME = "$(TARGET_NAME)";
				SWIFT_EMIT_LOC_STRINGS = YES;
				TARGETED_DEVICE_FAMILY = "1,2";
			};
			name = Release;
		};
/* End XCBuildConfiguration section */

/* Begin XCConfigurationList section */
		BA39F7D7BBF852FB9348B708 /* Build configuration list for PBXProject "Vaalbara" */ = {
			isa = XCConfigurationList;
			buildConfigurations = (
				404596B6DE60566897233C9F /* Debug */,
				3DE98795B02954CDB4F4BB3E /* Release */,
			);
			defaultConfigurationIsVisible = 0;
			defaultConfigurationName = Release;
		};
		2FE4238AFC17522DBB3B7947 /* Build configuration list for PBXNativeTarget "Vaalbara" */ = {
			isa = XCConfigurationList;
			buildConfigurations = (
				3CAA5FD080EC56ACBB81F769 /* Debug */,
				3BA15AA875035DC094469CA6 /* Release */,
			);
			defaultConfigurationIsVisible = 0;
			defaultConfigurationName = Release;
		};
/* End XCConfigurationList section */

/* Begin XCLocalSwiftPackageReference section */
		10F6A4F3216158D1ACE1C883 /* XCLocalSwiftPackageReference "VaalbaraCore" */ = {
			isa = XCLocalSwiftPackageReference;
			relativePath = Packages/VaalbaraCore;
		};
		6ED730BF0D3D5D1BA4AFE36F /* XCLocalSwiftPackageReference "VaalbaraEngine" */ = {
			isa = XCLocalSwiftPackageReference;
			relativePath = Packages/VaalbaraEngine;
		};
		A435F402ECA652FBB2111E3A /* XCLocalSwiftPackageReference "VaalbaraAudio" */ = {
			isa = XCLocalSwiftPackageReference;
			relativePath = Packages/VaalbaraAudio;
		};
		699B41E9B835578AA0DACF56 /* XCLocalSwiftPackageReference "VaalbaraNetworking" */ = {
			isa = XCLocalSwiftPackageReference;
			relativePath = Packages/VaalbaraNetworking;
		};
/* End XCLocalSwiftPackageReference section */

/* Begin XCSwiftPackageProductDependency section */
		0E32DFD4DA8057559B37AE77 /* VaalbaraCore */ = {
			isa = XCSwiftPackageProductDependency;
			package = 10F6A4F3216158D1ACE1C883 /* XCLocalSwiftPackageReference "VaalbaraCore" */;
			productName = VaalbaraCore;
		};
		871561FCD97B59C78291B5AA /* VaalbaraEngine */ = {
			isa = XCSwiftPackageProductDependency;
			package = 6ED730BF0D3D5D1BA4AFE36F /* XCLocalSwiftPackageReference "VaalbaraEngine" */;
			productName = VaalbaraEngine;
		};
		452C065BC7F35F539162E8DC /* VaalbaraAudio */ = {
			isa = XCSwiftPackageProductDependency;
			package = A435F402ECA652FBB2111E3A /* XCLocalSwiftPackageReference "VaalbaraAudio" */;
			productName = VaalbaraAudio;
		};
		5973115740BF551CA3992B83 /* VaalbaraNetworking */ = {
			isa = XCSwiftPackageProductDependency;
			package = 699B41E9B835578AA0DACF56 /* XCLocalSwiftPackageReference "VaalbaraNetworking" */;
			productName = VaalbaraNetworking;
		};
/* End XCSwiftPackageProductDependency section */
	};
	rootObject = 5F565B1EE1005F0D9BE2297D /* Project object */;
}
